
Microsoft Visual Studio Solution File, Format Version 12.00
# Visual Studio Version 17
VisualStudioVersion = 17.11.35327.3
MinimumVisualStudioVersion = 10.0.40219.1
Project("{FAE04EC0-301F-11D3-BF4B-00C04F79EFBC}") = "EmojiTest", "EmojiTest.csproj", "{2ED56BBB-0EBF-42F8-80ED-B598A65B0AFE}"
EndProject
Global
	GlobalSection(SolutionConfigurationPlatforms) = preSolution
		Debug|Any CPU = Debug|Any CPU
		Release|Any CPU = Release|Any CPU
	EndGlobalSection
	GlobalSection(ProjectConfigurationPlatforms) = postSolution
		{2ED56BBB-0EBF-42F8-80ED-B598A65B0AFE}.Debug|Any CPU.ActiveCfg = Debug|Any CPU
		{2ED56BBB-0EBF-42F8-80ED-B598A65B0AFE}.Debug|Any CPU.Build.0 = Debug|Any CPU
		{2ED56BBB-0EBF-42F8-80ED-B598A65B0AFE}.Release|Any CPU.ActiveCfg = Release|Any CPU
		{2ED56BBB-0EBF-42F8-80ED-B598A65B0AFE}.Release|Any CPU.Build.0 = Release|Any CPU
	EndGlobalSection
	GlobalSection(SolutionProperties) = preSolution
		HideSolutionNode = FALSE
	EndGlobalSection
	GlobalSection(ExtensibilityGlobals) = postSolution
		SolutionGuid = {33D48D03-409A-474A-8D4F-2479F9ACD071}
	EndGlobalSection
EndGlobal
